
Microsoft Visual Studio Solution File, Format Version 12.00
# Visual Studio Version 17
VisualStudioVersion = 17.0.32112.339
MinimumVisualStudioVersion = 10.0.40219.1
Project("{FAE04EC0-301F-11D3-BF4B-00C04F79EFBC}") = "Assignment 5 int array", "Assignment 5 int array\Assignment 5 int array.csproj", "{FFFDAAC2-FD15-4286-8AC9-F84F0F4C8B6E}"
EndProject
Global
	GlobalSection(SolutionConfigurationPlatforms) = preSolution
		Debug|Any CPU = Debug|Any CPU
		Release|Any CPU = Release|Any CPU
	EndGlobalSection
	GlobalSection(ProjectConfigurationPlatforms) = postSolution
		{FFFDAAC2-FD15-4286-8AC9-F84F0F4C8B6E}.Debug|Any CPU.ActiveCfg = Debug|Any CPU
		{FFFDAAC2-FD15-4286-8AC9-F84F0F4C8B6E}.Debug|Any CPU.Build.0 = Debug|Any CPU
		{FFFDAAC2-FD15-4286-8AC9-F84F0F4C8B6E}.Release|Any CPU.ActiveCfg = Release|Any CPU
		{FFFDAAC2-FD15-4286-8AC9-F84F0F4C8B6E}.Release|Any CPU.Build.0 = Release|Any CPU
	EndGlobalSection
	GlobalSection(SolutionProperties) = preSolution
		HideSolutionNode = FALSE
	EndGlobalSection
	GlobalSection(ExtensibilityGlobals) = postSolution
		SolutionGuid = {9545C699-A2E1-4B5F-B3FB-AFA6774DC7EA}
	EndGlobalSection
EndGlobal
