
Microsoft Visual Studio Solution File, Format Version 12.00
# Visual Studio Version 17
VisualStudioVersion = 17.0.32112.339
MinimumVisualStudioVersion = 10.0.40219.1
Project("{FAE04EC0-301F-11D3-BF4B-00C04F79EFBC}") = "StructureBooks", "StructureBooks\StructureBooks.csproj", "{E2E0F394-8387-4A0A-AAAD-92DC85E8F3DD}"
EndProject
Global
	GlobalSection(SolutionConfigurationPlatforms) = preSolution
		Debug|Any CPU = Debug|Any CPU
		Release|Any CPU = Release|Any CPU
	EndGlobalSection
	GlobalSection(ProjectConfigurationPlatforms) = postSolution
		{E2E0F394-8387-4A0A-AAAD-92DC85E8F3DD}.Debug|Any CPU.ActiveCfg = Debug|Any CPU
		{E2E0F394-8387-4A0A-AAAD-92DC85E8F3DD}.Debug|Any CPU.Build.0 = Debug|Any CPU
		{E2E0F394-8387-4A0A-AAAD-92DC85E8F3DD}.Release|Any CPU.ActiveCfg = Release|Any CPU
		{E2E0F394-8387-4A0A-AAAD-92DC85E8F3DD}.Release|Any CPU.Build.0 = Release|Any CPU
	EndGlobalSection
	GlobalSection(SolutionProperties) = preSolution
		HideSolutionNode = FALSE
	EndGlobalSection
	GlobalSection(ExtensibilityGlobals) = postSolution
		SolutionGuid = {43FF607C-80E4-432A-B5A8-4CFB94CDA37C}
	EndGlobalSection
EndGlobal
